{
  "lockfileVersion": 1,
  "configVersion": 1,
  "workspaces": {
    "": {
      "name": "@ahoo-wang/godex",
      "dependencies": {
        "@logtape/file": "^2.1.1",
        "@logtape/logtape": "^2.1.1",
        "@logtape/pretty": "^2.1.1",
      },
      "devDependencies": {
        "@ahoo-wang/fetcher": "^3.16.8",
        "@ahoo-wang/fetcher-decorator": "^3.16.8",
        "@ahoo-wang/fetcher-eventstream": "^3.16.8",
        "@biomejs/biome": "^2.4.15",
        "@clack/prompts": "^1.4.0",
        "@types/bun": "^1.2.0",
        "@types/js-yaml": "^4.0.9",
        "commander": "^14.0.3",
        "js-yaml": "^4.1.1",
        "nanoid": "^5.1.11",
        "typescript": "^6",
      },
      "optionalDependencies": {
        "@ahoo-wang/godex-darwin-arm64": "0.0.2",
        "@ahoo-wang/godex-darwin-x64": "0.0.2",
        "@ahoo-wang/godex-linux-arm64": "0.0.2",
        "@ahoo-wang/godex-linux-x64": "0.0.2",
        "@ahoo-wang/godex-win32-arm64": "0.0.2",
        "@ahoo-wang/godex-win32-x64": "0.0.2",
      },
    },
  },
  "packages": {
    "@ahoo-wang/fetcher": ["@ahoo-wang/fetcher@3.16.8", "", {}, "sha512-Opq57j2J2Jm+OxmMBeurN/JdJKdbJduUpsHvpt8jJ0rvAuZZmH/ETeUKgkwgd5HgMa9fup8itgM/lMngoqjeNw=="],

    "@ahoo-wang/fetcher-decorator": ["@ahoo-wang/fetcher-decorator@3.16.8", "", { "dependencies": { "reflect-metadata": "0.2.2" }, "peerDependencies": { "@ahoo-wang/fetcher": "3.16.8" } }, "sha512-wSjqLkHKZaD6+vSx0jbQ1KuVaGWZfOAg5/QYYx5f8HZntzdYwts2Zb8N+Db7lkuYc6REymWMwLRC51Q/z41rNg=="],

    "@ahoo-wang/fetcher-eventstream": ["@ahoo-wang/fetcher-eventstream@3.16.8", "", { "peerDependencies": { "@ahoo-wang/fetcher": "3.16.8" } }, "sha512-+8viS2W7yallSQDlsRylB7LvKocWWfbpDK9Q+7Pq3Je2ZDzYG/c9FeL++JwrbfnGuD+DsGodqkNqM+4AxLdQgQ=="],

    "@ahoo-wang/godex-darwin-arm64": ["@ahoo-wang/godex-darwin-arm64@0.0.2", "", { "os": "darwin", "cpu": "arm64" }, "sha512-uvsk29w5VSCjyc7zCqf5IpgmFk7ga6pnvuAj2vTArnqwyNRQ63g+CtrOMNh2CNPSqMrFZaghYPmJlx4HNMZn/g=="],

    "@ahoo-wang/godex-darwin-x64": ["@ahoo-wang/godex-darwin-x64@0.0.2", "", { "os": "darwin", "cpu": "x64" }, "sha512-pq1SpJS1dEQCbq6cZJjSo7knhslxCA+9eillTIzkPwt7sOsTqxOXOSuMhkLfIzBX7oSgM2SQW1VhDt4a0IQXpg=="],

    "@ahoo-wang/godex-linux-arm64": ["@ahoo-wang/godex-linux-arm64@0.0.2", "", { "os": "linux", "cpu": "arm64" }, "sha512-BpRRiRQc3icaDYLqF5mJgOS7jhubVeqdKkAnSX3OeI+m+S5/yDRLBKQYMNLCr5L6cANS3U/meafkG/A8UrpqVQ=="],

    "@ahoo-wang/godex-linux-x64": ["@ahoo-wang/godex-linux-x64@0.0.2", "", { "os": "linux", "cpu": "x64" }, "sha512-CUoCURuhBZiq9vjhzAqRYSO2YYWh3aOaK3V+PtPgDY6PcNQ8FS8Q8dWz5XQu99tzE+Q7m3Vd7K4kiJZSiG+AIQ=="],

    "@ahoo-wang/godex-win32-arm64": ["@ahoo-wang/godex-win32-arm64@0.0.2", "", { "os": "win32", "cpu": "arm64" }, "sha512-gimBG8DBq4bECpj9HS+2Wnemh1otZ/xqNo2Q1yApYX/Ip/MVqfjvq/o13y5ls+ncfym0X8IK8FFSG7rssc18pw=="],

    "@ahoo-wang/godex-win32-x64": ["@ahoo-wang/godex-win32-x64@0.0.2", "", { "os": "win32", "cpu": "x64" }, "sha512-wAejBIT4z1vdOoBi4i9XYFuWSGvoYflBllHL19C6/gt1GknsQc3Rq1B18nVLOZ/2tajFDdG+ieh6DmAR/3Agqg=="],

    "@biomejs/biome": ["@biomejs/biome@2.4.15", "", { "optionalDependencies": { "@biomejs/cli-darwin-arm64": "2.4.15", "@biomejs/cli-darwin-x64": "2.4.15", "@biomejs/cli-linux-arm64": "2.4.15", "@biomejs/cli-linux-arm64-musl": "2.4.15", "@biomejs/cli-linux-x64": "2.4.15", "@biomejs/cli-linux-x64-musl": "2.4.15", "@biomejs/cli-win32-arm64": "2.4.15", "@biomejs/cli-win32-x64": "2.4.15" }, "bin": { "biome": "bin/biome" } }, "sha512-j5VH3a/h/HXTKBM50MDMxRCzkeLv9S2XJcW2WgnZT1+xyisi+0bISrXR82gCX+8S9lvK0skEvHJRN+3Ktr2hlw=="],

    "@biomejs/cli-darwin-arm64": ["@biomejs/cli-darwin-arm64@2.4.15", "", { "os": "darwin", "cpu": "arm64" }, "sha512-rF3PPqLq1yoST79zaQbDjVJwsuIeci/O+9bgNmC5QpgOqz6aqYuzA4abyAGx+mgyiDXn4A049xAN8gijbuR1Qg=="],

    "@biomejs/cli-darwin-x64": ["@biomejs/cli-darwin-x64@2.4.15", "", { "os": "darwin", "cpu": "x64" }, "sha512-/5KHXYMfSJs1fNXiX30xFtI8JcCFV6zaVVLxOa0M2sfqBKHkpQhRTv94yxQWxeTY2lzo2OuTlNvPC+hDQt2wcQ=="],

    "@biomejs/cli-linux-arm64": ["@biomejs/cli-linux-arm64@2.4.15", "", { "os": "linux", "cpu": "arm64" }, "sha512-owaAMZD/T4LrD0ELNCk0Km3qrRHuM0X6EAyVE1FSqGY0rbLoiDLrO4Us2tllm6cAeB2Ioa9C2C08NZPdr8+0Ug=="],

    "@biomejs/cli-linux-arm64-musl": ["@biomejs/cli-linux-arm64-musl@2.4.15", "", { "os": "linux", "cpu": "arm64" }, "sha512-ZPcxznxm0pogHBLZhYntyR3sR+MrZjqJIKEr7ZqVen0Rl+P/4upVmfYXjftizi9RoqZntg33fv/1fbdhbYXpEQ=="],

    "@biomejs/cli-linux-x64": ["@biomejs/cli-linux-x64@2.4.15", "", { "os": "linux", "cpu": "x64" }, "sha512-0jj7THz12GbUOLmMibktK6DZjqz2zV64KFxyBtcFTKPiiOIY0a7vns1elpO1dERvxpsZ5ik0oFfz0oGwFde1+g=="],

    "@biomejs/cli-linux-x64-musl": ["@biomejs/cli-linux-x64-musl@2.4.15", "", { "os": "linux", "cpu": "x64" }, "sha512-CNq/9W38SYSH023lfcQ4KKU8K0YX8T//FZUhcgtMMRABDojx5XsMV7jlweAvGSl389wJQB29Qo6Zb/a+jdvt+w=="],

    "@biomejs/cli-win32-arm64": ["@biomejs/cli-win32-arm64@2.4.15", "", { "os": "win32", "cpu": "arm64" }, "sha512-ouhkYdlhp/1GghEJPdWwD/Vi3gQ1nFxuSpMolWsbq3Lsq3QUR4jl6UdhhscdCugKU5vOEuMiJhvKj66O0OCq+w=="],

    "@biomejs/cli-win32-x64": ["@biomejs/cli-win32-x64@2.4.15", "", { "os": "win32", "cpu": "x64" }, "sha512-zBrGq5mx5wwpnow4+2BxUvleDM+GNd4sLbPaMapsSLQLD0NGRCquqPBTgN+7XkUteHvj7M+BstuI8tmnV7+HgQ=="],

    "@clack/core": ["@clack/core@1.3.1", "", { "dependencies": { "fast-wrap-ansi": "0.2.2", "sisteransi": "1.0.5" } }, "sha512-fT1qHVGAag4IEkrupZ6lRRbNCs1vS9P01KB/sG8zKgvUztbYtFBtQpjSITNwooDZ83tpsPzP0mRNs1/KVszCRA=="],

    "@clack/prompts": ["@clack/prompts@1.4.0", "", { "dependencies": { "@clack/core": "1.3.1", "fast-string-width": "3.0.2", "fast-wrap-ansi": "0.2.2", "sisteransi": "1.0.5" } }, "sha512-S0My7XPGIgpRWMDG8uRqalbgT+a6FmCUdOW+HaIOVVpUPHOb7RrpvjTjiODadKp06fsrVDJZlIzc6yCTp4AnxA=="],

    "@logtape/file": ["@logtape/file@2.1.1", "", { "peerDependencies": { "@logtape/logtape": "^2.1.1" } }, "sha512-AlT69oM1MEe1TV04go9s50/orHxc9n4fPu9MW7P5sG+hH55EDHJALd6D9zTEIm0PP4znR+XgTeml2ANnY2bkNw=="],

    "@logtape/logtape": ["@logtape/logtape@2.1.1", "", {}, "sha512-aULbCqUQGerfOsZ3CMvcKtueKzmdchluXYUd3bIHKmOIS93fx1ko0+hyRQ4flloGZ8EiyRPydZXiy8n1J/eAQA=="],

    "@logtape/pretty": ["@logtape/pretty@2.1.1", "", { "peerDependencies": { "@logtape/logtape": "^2.1.1" } }, "sha512-lSscfaNpYxfvwA5ydbrSVHlw6Wc5L5/JxpI6po9FT/4PMjsdoNAMbsN9ejBaH2yP3jf2ARi4GdivOw7YDJHAxA=="],

    "@types/bun": ["@types/bun@1.3.14", "", { "dependencies": { "bun-types": "1.3.14" } }, "sha512-h1hFqFVcvAvD9j9K7ZW7vd82aSA+rTdznZa+5bwvCwqSB1jmmfLcbIWhOLx1/+boy/xmjgCs/OMUL8hRJSmnPw=="],

    "@types/js-yaml": ["@types/js-yaml@4.0.9", "", {}, "sha512-k4MGaQl5TGo/iipqb2UDG2UwjXziSWkh0uysQelTlJpX1qGlpUZYm8PnO4DxG1qBomtJUdYJ6qR6xdIah10JLg=="],

    "@types/node": ["@types/node@25.9.1", "", { "dependencies": { "undici-types": "7.24.6" } }, "sha512-xfrlY7UD5rMJk3ZVJP8BNzS28J36YJg+xp+LPXV1TdWxr8uMH5A860QNxYDGQe/ylDSgjxE52Q9VnO7p75tJxg=="],

    "argparse": ["argparse@2.0.1", "", {}, "sha512-8+9WqebbFzpX9OR+Wa6O29asIogeRMzcGtAINdpMHHyAg10f05aSFVBbcEqGf/PXw1EjAZ+q2/bEBg3DvurK3Q=="],

    "bun-types": ["bun-types@1.3.14", "", { "dependencies": { "@types/node": "25.9.1" } }, "sha512-4N0ig0fEomHt5R0KCFWjovxow98rIoRwKolrYdCcknNwMekCXRnWEUvgu5soYV8QXtVsrUD8B95MBOZGPvr6KQ=="],

    "commander": ["commander@14.0.3", "", {}, "sha512-H+y0Jo/T1RZ9qPP4Eh1pkcQcLRglraJaSLoyOtHxu6AapkjWVCy2Sit1QQ4x3Dng8qDlSsZEet7g5Pq06MvTgw=="],

    "fast-string-truncated-width": ["fast-string-truncated-width@3.0.3", "", {}, "sha512-0jjjIEL6+0jag3l2XWWizO64/aZVtpiGE3t0Zgqxv0DPuxiMjvB3M24fCyhZUO4KomJQPj3LTSUnDP3GpdwC0g=="],

    "fast-string-width": ["fast-string-width@3.0.2", "", { "dependencies": { "fast-string-truncated-width": "3.0.3" } }, "sha512-gX8LrtNEI5hq8DVUfRQMbr5lpaS4nMIWV+7XEbXk2b8kiQIizgnlr12B4dA3ZEx3308ze0O4Q1R+cHts8kyUJg=="],

    "fast-wrap-ansi": ["fast-wrap-ansi@0.2.2", "", { "dependencies": { "fast-string-width": "3.0.2" } }, "sha512-7F2Fl+TjRSenLqlU3UjSH0iyqopqoZIu7eZVpEirP2g1GtWa2G/ecEmBdgz31+Mxr+ELclgg6sokpSFIQiZ02Q=="],

    "js-yaml": ["js-yaml@4.1.1", "", { "dependencies": { "argparse": "2.0.1" }, "bin": { "js-yaml": "bin/js-yaml.js" } }, "sha512-qQKT4zQxXl8lLwBtHMWwaTcGfFOZviOJet3Oy/xmGk2gZH677CJM9EvtfdSkgWcATZhj/55JZ0rmy3myCT5lsA=="],

    "nanoid": ["nanoid@5.1.11", "", { "bin": { "nanoid": "bin/nanoid.js" } }, "sha512-v+KEsUv2ps74PaSKv0gHTxTCgMXOIfBEbaqa6w6ISIGC7ZsvHN4N9oJ8d4cmf0n5oTzQz2SLmThbQWhjd/8eKg=="],

    "reflect-metadata": ["reflect-metadata@0.2.2", "", {}, "sha512-urBwgfrvVP/eAyXx4hluJivBKzuEbSQs9rKWCrCkbSxNv8mxPcUZKeuoF3Uy4mJl3Lwprp6yy5/39VWigZ4K6Q=="],

    "sisteransi": ["sisteransi@1.0.5", "", {}, "sha512-bLGGlR1QxBcynn2d5YmDX4MGjlZvy2MRBDRNHLJ8VI6l6+9FUiyTFNJ0IveOSP0bcXgVDPRcfGqA0pjaqUpfVg=="],

    "typescript": ["typescript@6.0.3", "", { "bin": { "tsc": "bin/tsc", "tsserver": "bin/tsserver" } }, "sha512-y2TvuxSZPDyQakkFRPZHKFm+KKVqIisdg9/CZwm9ftvKXLP8NRWj38/ODjNbr43SsoXqNuAisEf1GdCxqWcdBw=="],

    "undici-types": ["undici-types@7.24.6", "", {}, "sha512-WRNW+sJgj5OBN4/0JpHFqtqzhpbnV0GuB+OozA9gCL7a993SmU+1JBZCzLNxYsbMfIeDL+lTsphD5jN5N+n0zg=="],
  }
}
